
Microsoft Visual Studio Solution File, Format Version 12.00
# Visual Studio Version 17
VisualStudioVersion = 17.4.33403.182
MinimumVisualStudioVersion = 10.0.40219.1
Project("{8BC9CEB8-8B4A-11D0-8D11-00A0C91BC942}") = "First", "First\First.vcxproj", "{BB13EE0F-A57C-4623-88CA-68CF01F35B60}"
EndProject
Project("{8BC9CEB8-8B4A-11D0-8D11-00A0C91BC942}") = "CoWorker_Kernel", "CoWorker_Kernel\CoWorker_Kernel.vcxproj", "{02397D55-F956-49CA-A50D-DCA8672EF11D}"
EndProject
Project("{8BC9CEB8-8B4A-11D0-8D11-00A0C91BC942}") = "CoWorker_User", "CoWorker_User\CoWorker_User.vcxproj", "{4F0BAB5E-21A2-4107-8DC6-B43FA1E5434D}"
EndProject
Global
	GlobalSection(SolutionConfigurationPlatforms) = preSolution
		Debug|ARM64 = Debug|ARM64
		Debug|x64 = Debug|x64
		Debug|x86 = Debug|x86
		Release|ARM64 = Release|ARM64
		Release|x64 = Release|x64
		Release|x86 = Release|x86
	EndGlobalSection
	GlobalSection(ProjectConfigurationPlatforms) = postSolution
		{BB13EE0F-A57C-4623-88CA-68CF01F35B60}.Debug|ARM64.ActiveCfg = Debug|ARM64
		{BB13EE0F-A57C-4623-88CA-68CF01F35B60}.Debug|ARM64.Build.0 = Debug|ARM64
		{BB13EE0F-A57C-4623-88CA-68CF01F35B60}.Debug|ARM64.Deploy.0 = Debug|ARM64
		{BB13EE0F-A57C-4623-88CA-68CF01F35B60}.Debug|x64.ActiveCfg = Debug|x64
		{BB13EE0F-A57C-4623-88CA-68CF01F35B60}.Debug|x64.Build.0 = Debug|x64
		{BB13EE0F-A57C-4623-88CA-68CF01F35B60}.Debug|x64.Deploy.0 = Debug|x64
		{BB13EE0F-A57C-4623-88CA-68CF01F35B60}.Debug|x86.ActiveCfg = Debug|x64
		{BB13EE0F-A57C-4623-88CA-68CF01F35B60}.Debug|x86.Build.0 = Debug|x64
		{BB13EE0F-A57C-4623-88CA-68CF01F35B60}.Debug|x86.Deploy.0 = Debug|x64
		{BB13EE0F-A57C-4623-88CA-68CF01F35B60}.Release|ARM64.ActiveCfg = Release|ARM64
		{BB13EE0F-A57C-4623-88CA-68CF01F35B60}.Release|ARM64.Build.0 = Release|ARM64
		{BB13EE0F-A57C-4623-88CA-68CF01F35B60}.Release|ARM64.Deploy.0 = Release|ARM64
		{BB13EE0F-A57C-4623-88CA-68CF01F35B60}.Release|x64.ActiveCfg = Release|x64
		{BB13EE0F-A57C-4623-88CA-68CF01F35B60}.Release|x64.Build.0 = Release|x64
		{BB13EE0F-A57C-4623-88CA-68CF01F35B60}.Release|x64.Deploy.0 = Release|x64
		{BB13EE0F-A57C-4623-88CA-68CF01F35B60}.Release|x86.ActiveCfg = Release|x64
		{BB13EE0F-A57C-4623-88CA-68CF01F35B60}.Release|x86.Build.0 = Release|x64
		{BB13EE0F-A57C-4623-88CA-68CF01F35B60}.Release|x86.Deploy.0 = Release|x64
		{02397D55-F956-49CA-A50D-DCA8672EF11D}.Debug|ARM64.ActiveCfg = Debug|ARM64
		{02397D55-F956-49CA-A50D-DCA8672EF11D}.Debug|ARM64.Build.0 = Debug|ARM64
		{02397D55-F956-49CA-A50D-DCA8672EF11D}.Debug|ARM64.Deploy.0 = Debug|ARM64
		{02397D55-F956-49CA-A50D-DCA8672EF11D}.Debug|x64.ActiveCfg = Debug|x64
		{02397D55-F956-49CA-A50D-DCA8672EF11D}.Debug|x64.Build.0 = Debug|x64
		{02397D55-F956-49CA-A50D-DCA8672EF11D}.Debug|x64.Deploy.0 = Debug|x64
		{02397D55-F956-49CA-A50D-DCA8672EF11D}.Debug|x86.ActiveCfg = Debug|x64
		{02397D55-F956-49CA-A50D-DCA8672EF11D}.Debug|x86.Build.0 = Debug|x64
		{02397D55-F956-49CA-A50D-DCA8672EF11D}.Debug|x86.Deploy.0 = Debug|x64
		{02397D55-F956-49CA-A50D-DCA8672EF11D}.Release|ARM64.ActiveCfg = Release|ARM64
		{02397D55-F956-49CA-A50D-DCA8672EF11D}.Release|ARM64.Build.0 = Release|ARM64
		{02397D55-F956-49CA-A50D-DCA8672EF11D}.Release|ARM64.Deploy.0 = Release|ARM64
		{02397D55-F956-49CA-A50D-DCA8672EF11D}.Release|x64.ActiveCfg = Release|x64
		{02397D55-F956-49CA-A50D-DCA8672EF11D}.Release|x64.Build.0 = Release|x64
		{02397D55-F956-49CA-A50D-DCA8672EF11D}.Release|x64.Deploy.0 = Release|x64
		{02397D55-F956-49CA-A50D-DCA8672EF11D}.Release|x86.ActiveCfg = Release|x64
		{02397D55-F956-49CA-A50D-DCA8672EF11D}.Release|x86.Build.0 = Release|x64
		{02397D55-F956-49CA-A50D-DCA8672EF11D}.Release|x86.Deploy.0 = Release|x64
		{4F0BAB5E-21A2-4107-8DC6-B43FA1E5434D}.Debug|ARM64.ActiveCfg = Debug|x64
		{4F0BAB5E-21A2-4107-8DC6-B43FA1E5434D}.Debug|ARM64.Build.0 = Debug|x64
		{4F0BAB5E-21A2-4107-8DC6-B43FA1E5434D}.Debug|x64.ActiveCfg = Debug|x64
		{4F0BAB5E-21A2-4107-8DC6-B43FA1E5434D}.Debug|x64.Build.0 = Debug|x64
		{4F0BAB5E-21A2-4107-8DC6-B43FA1E5434D}.Debug|x86.ActiveCfg = Debug|Win32
		{4F0BAB5E-21A2-4107-8DC6-B43FA1E5434D}.Debug|x86.Build.0 = Debug|Win32
		{4F0BAB5E-21A2-4107-8DC6-B43FA1E5434D}.Release|ARM64.ActiveCfg = Release|x64
		{4F0BAB5E-21A2-4107-8DC6-B43FA1E5434D}.Release|ARM64.Build.0 = Release|x64
		{4F0BAB5E-21A2-4107-8DC6-B43FA1E5434D}.Release|x64.ActiveCfg = Release|x64
		{4F0BAB5E-21A2-4107-8DC6-B43FA1E5434D}.Release|x64.Build.0 = Release|x64
		{4F0BAB5E-21A2-4107-8DC6-B43FA1E5434D}.Release|x86.ActiveCfg = Release|Win32
		{4F0BAB5E-21A2-4107-8DC6-B43FA1E5434D}.Release|x86.Build.0 = Release|Win32
	EndGlobalSection
	GlobalSection(SolutionProperties) = preSolution
		HideSolutionNode = FALSE
	EndGlobalSection
	GlobalSection(ExtensibilityGlobals) = postSolution
		SolutionGuid = {B69855BE-6245-4015-92BE-19A9AB410769}
	EndGlobalSection
EndGlobal
